{
  "pins" : [
    {
      "identity" : "lottie-spm",
      "kind" : "remoteSourceControl",
      "location" : "https://github.com/airbnb/lottie-spm.git",
      "state" : {
        "revision" : "8c6edf4f0fa84fe9c058600a4295eb0c01661c69",
        "version" : "4.5.1"
      }
    },
    {
      "identity" : "ohhttpstubs",
      "kind" : "remoteSourceControl",
      "location" : "https://github.com/AliSoftware/OHHTTPStubs.git",
      "state" : {
        "revision" : "12f19662426d0434d6c330c6974d53e2eb10ecd9",
        "version" : "9.1.0"
      }
    },
    {
      "identity" : "purchasely-ios",
      "kind" : "remoteSourceControl",
      "location" : "https://github.com/Purchasely/Purchasely-iOS",
      "state" : {
        "revision" : "4280dd1e1caaca0887c6ae28dce8143483179865",
        "version" : "5.3.2"
      }
    }
  ],
  "version" : 2
}
