{
  "pins" : [
    {
      "identity" : "lottie-spm",
      "kind" : "remoteSourceControl",
      "location" : "https://github.com/airbnb/lottie-spm.git",
      "state" : {
        "revision" : "8c6edf4f0fa84fe9c058600a4295eb0c01661c69",
        "version" : "4.5.1"
      }
    },
    {
      "identity" : "purchasely-ios",
      "kind" : "remoteSourceControl",
      "location" : "https://github.com/Purchasely/Purchasely-iOS",
      "state" : {
        "revision" : "82f50b546e26f0df4a04b49af3bc694fe4949b96",
        "version" : "6.2.0"
      }
    }
  ],
  "version" : 2
}
